
Microsoft Visual Studio Solution File, Format Version 12.00
# Visual Studio Version 16
VisualStudioVersion = 16.0.29920.165
MinimumVisualStudioVersion = 10.0.40219.1
Project("{8BC9CEB8-8B4A-11D0-8D11-00A0C91BC942}") = "fluidstore", "fluidstore.vcxproj", "{A24AC1AE-69E1-4BDF-A7B9-B22945ED0574}"
EndProject
Global
	GlobalSection(SolutionConfigurationPlatforms) = preSolution
		Debug|x64 = Debug|x64
		Debug|x86 = Debug|x86
		Release|x64 = Release|x64
		Release|x86 = Release|x86
	EndGlobalSection
	GlobalSection(ProjectConfigurationPlatforms) = postSolution
		{A24AC1AE-69E1-4BDF-A7B9-B22945ED0574}.Debug|x64.ActiveCfg = Debug|x64
		{A24AC1AE-69E1-4BDF-A7B9-B22945ED0574}.Debug|x64.Build.0 = Debug|x64
		{A24AC1AE-69E1-4BDF-A7B9-B22945ED0574}.Debug|x86.ActiveCfg = Debug|Win32
		{A24AC1AE-69E1-4BDF-A7B9-B22945ED0574}.Debug|x86.Build.0 = Debug|Win32
		{A24AC1AE-69E1-4BDF-A7B9-B22945ED0574}.Release|x64.ActiveCfg = Release|x64
		{A24AC1AE-69E1-4BDF-A7B9-B22945ED0574}.Release|x64.Build.0 = Release|x64
		{A24AC1AE-69E1-4BDF-A7B9-B22945ED0574}.Release|x86.ActiveCfg = Release|Win32
		{A24AC1AE-69E1-4BDF-A7B9-B22945ED0574}.Release|x86.Build.0 = Release|Win32
	EndGlobalSection
	GlobalSection(SolutionProperties) = preSolution
		HideSolutionNode = FALSE
	EndGlobalSection
	GlobalSection(ExtensibilityGlobals) = postSolution
		SolutionGuid = {942DA664-7BF2-4D41-A0AC-4C4A62473ED3}
	EndGlobalSection
EndGlobal
